
Microsoft Visual Studio Solution File, Format Version 12.00
# Visual Studio Version 17
VisualStudioVersion = 17.14.36127.28 d17.14
MinimumVisualStudioVersion = 10.0.40219.1
Project("{54A90642-561A-4BB1-A94E-469ADEE60C69}") = "websiteTask", "websiteTask.esproj", "{C2E8DF65-7730-8451-79C4-1647F423B1C6}"
EndProject
Global
	GlobalSection(SolutionConfigurationPlatforms) = preSolution
		Debug|Any CPU = Debug|Any CPU
		Release|Any CPU = Release|Any CPU
	EndGlobalSection
	GlobalSection(ProjectConfigurationPlatforms) = postSolution
		{C2E8DF65-7730-8451-79C4-1647F423B1C6}.Debug|Any CPU.ActiveCfg = Debug|Any CPU
		{C2E8DF65-7730-8451-79C4-1647F423B1C6}.Debug|Any CPU.Build.0 = Debug|Any CPU
		{C2E8DF65-7730-8451-79C4-1647F423B1C6}.Debug|Any CPU.Deploy.0 = Debug|Any CPU
		{C2E8DF65-7730-8451-79C4-1647F423B1C6}.Release|Any CPU.ActiveCfg = Release|Any CPU
		{C2E8DF65-7730-8451-79C4-1647F423B1C6}.Release|Any CPU.Build.0 = Release|Any CPU
		{C2E8DF65-7730-8451-79C4-1647F423B1C6}.Release|Any CPU.Deploy.0 = Release|Any CPU
	EndGlobalSection
	GlobalSection(SolutionProperties) = preSolution
		HideSolutionNode = FALSE
	EndGlobalSection
	GlobalSection(ExtensibilityGlobals) = postSolution
		SolutionGuid = {46E5D555-7F92-4716-851C-7E79DA2660CA}
	EndGlobalSection
EndGlobal
